
Microsoft Visual Studio Solution File, Format Version 12.00
# Visual Studio Version 17
VisualStudioVersion = 17.11.35303.130
MinimumVisualStudioVersion = 10.0.40219.1
Project("{FAE04EC0-301F-11D3-BF4B-00C04F79EFBC}") = "WcfService1", "WcfService1.csproj", "{66657B9D-0691-4602-B638-DDD6B74C0681}"
EndProject
Project("{FAE04EC0-301F-11D3-BF4B-00C04F79EFBC}") = "WindowsFormsApp1", "..\WindowsFormsApp1\WindowsFormsApp1.csproj", "{5F41F5E0-4CF9-4DF1-ACEF-B12551BB1DF0}"
	ProjectSection(ProjectDependencies) = postProject
		{66657B9D-0691-4602-B638-DDD6B74C0681} = {66657B9D-0691-4602-B638-DDD6B74C0681}
	EndProjectSection
EndProject
Project("{FAE04EC0-301F-11D3-BF4B-00C04F79EFBC}") = "WebApp1", "..\WebApp1\WebApp1.csproj", "{0AA4AE77-30E5-4CA1-96F4-7118FA4673B1}"
	ProjectSection(ProjectDependencies) = postProject
		{66657B9D-0691-4602-B638-DDD6B74C0681} = {66657B9D-0691-4602-B638-DDD6B74C0681}
	EndProjectSection
EndProject
Global
	GlobalSection(SolutionConfigurationPlatforms) = preSolution
		Debug|Any CPU = Debug|Any CPU
		Release|Any CPU = Release|Any CPU
	EndGlobalSection
	GlobalSection(ProjectConfigurationPlatforms) = postSolution
		{66657B9D-0691-4602-B638-DDD6B74C0681}.Debug|Any CPU.ActiveCfg = Debug|Any CPU
		{66657B9D-0691-4602-B638-DDD6B74C0681}.Debug|Any CPU.Build.0 = Debug|Any CPU
		{66657B9D-0691-4602-B638-DDD6B74C0681}.Release|Any CPU.ActiveCfg = Release|Any CPU
		{66657B9D-0691-4602-B638-DDD6B74C0681}.Release|Any CPU.Build.0 = Release|Any CPU
		{5F41F5E0-4CF9-4DF1-ACEF-B12551BB1DF0}.Debug|Any CPU.ActiveCfg = Debug|Any CPU
		{5F41F5E0-4CF9-4DF1-ACEF-B12551BB1DF0}.Debug|Any CPU.Build.0 = Debug|Any CPU
		{5F41F5E0-4CF9-4DF1-ACEF-B12551BB1DF0}.Release|Any CPU.ActiveCfg = Release|Any CPU
		{5F41F5E0-4CF9-4DF1-ACEF-B12551BB1DF0}.Release|Any CPU.Build.0 = Release|Any CPU
		{0AA4AE77-30E5-4CA1-96F4-7118FA4673B1}.Debug|Any CPU.ActiveCfg = Debug|Any CPU
		{0AA4AE77-30E5-4CA1-96F4-7118FA4673B1}.Debug|Any CPU.Build.0 = Debug|Any CPU
		{0AA4AE77-30E5-4CA1-96F4-7118FA4673B1}.Release|Any CPU.ActiveCfg = Release|Any CPU
		{0AA4AE77-30E5-4CA1-96F4-7118FA4673B1}.Release|Any CPU.Build.0 = Release|Any CPU
	EndGlobalSection
	GlobalSection(SolutionProperties) = preSolution
		HideSolutionNode = FALSE
	EndGlobalSection
	GlobalSection(ExtensibilityGlobals) = postSolution
		SolutionGuid = {F4A73131-3870-4AFA-A308-F1FFD462FFCF}
	EndGlobalSection
EndGlobal
